
Microsoft Visual Studio Solution File, Format Version 12.00
# Visual Studio Version 17
VisualStudioVersion = 17.0.31903.59
MinimumVisualStudioVersion = 10.0.40219.1
Project("{2150E333-8FDC-42A3-9474-1A3956D46DE8}") = "Services", "Services", "{5854FF58-B8C5-05C6-5BF2-ACE42193F22B}"
EndProject
Project("{2150E333-8FDC-42A3-9474-1A3956D46DE8}") = "Catalog", "Catalog", "{944ACC7E-4FFC-A2A2-09E1-98A62C66F8DB}"
EndProject
Project("{FAE04EC0-301F-11D3-BF4B-00C04F79EFBC}") = "MultiShop.Catalog", "Services\Catalog\MultiShop.Catalog\MultiShop.Catalog.csproj", "{76BE2643-C2DA-44D0-9758-33D2FEF0A13E}"
EndProject
Project("{2150E333-8FDC-42A3-9474-1A3956D46DE8}") = "Discount", "Discount", "{C7CAFBC0-809A-03AF-7F4A-D6ECDFC06026}"
EndProject
Project("{FAE04EC0-301F-11D3-BF4B-00C04F79EFBC}") = "MultiShop.Discount", "Services\Discount\MultiShop.Discount\MultiShop.Discount.csproj", "{A2878C22-4389-4483-8AEA-BB61A94050FD}"
EndProject
Project("{2150E333-8FDC-42A3-9474-1A3956D46DE8}") = "Order", "Order", "{A7F1EA75-F84F-EDAA-1156-120873BE27D5}"
EndProject
Project("{2150E333-8FDC-42A3-9474-1A3956D46DE8}") = "Core", "Core", "{1BADAA19-F6E7-A6CC-5468-B408B9E2CF8F}"
EndProject
Project("{FAE04EC0-301F-11D3-BF4B-00C04F79EFBC}") = "MultiShop.Order.Domain", "Services\Order\Core\MultiShop.Order.Domain\MultiShop.Order.Domain.csproj", "{C6DA9087-F48B-4828-9C02-44077A605517}"
EndProject
Project("{FAE04EC0-301F-11D3-BF4B-00C04F79EFBC}") = "MultiShop.Order.Application", "Services\Order\Core\MultiShop.Order.Application\MultiShop.Order.Application.csproj", "{7D902C5D-DD1B-44DF-A8F8-2B7AE93D7274}"
EndProject
Project("{2150E333-8FDC-42A3-9474-1A3956D46DE8}") = "Infrastructure", "Infrastructure", "{C0BDA945-C0B4-F91C-CB3A-89AA41DAAC7C}"
EndProject
Project("{FAE04EC0-301F-11D3-BF4B-00C04F79EFBC}") = "MultiShop.Order.Persistence", "Services\Order\Infrastructure\MultiShop.Order.Persistence\MultiShop.Order.Persistence.csproj", "{6D5EB324-25D2-4FD3-B7D2-47D264959C30}"
EndProject
Project("{2150E333-8FDC-42A3-9474-1A3956D46DE8}") = "Presentation", "Presentation", "{762439F7-8BE1-3BA0-8155-D3139BF35409}"
EndProject
Project("{FAE04EC0-301F-11D3-BF4B-00C04F79EFBC}") = "MultiShop.Order.WebApi", "Services\Order\Presentation\MultiShop.Order.WebApi\MultiShop.Order.WebApi.csproj", "{3C144048-462E-4BF4-AA30-C3B621E9D9E8}"
EndProject
Project("{FAE04EC0-301F-11D3-BF4B-00C04F79EFBC}") = "MultiShop.IdentityServer", "IdentityServer\MultiShop.IdentityServer\MultiShop.IdentityServer.csproj", "{95F89578-7209-4BF1-97FC-674F6C99B66D}"
EndProject
Project("{2150E333-8FDC-42A3-9474-1A3956D46DE8}") = "IdentityServer", "IdentityServer", "{FA73AD6C-BA55-405B-BA59-495005F7445E}"
EndProject
Project("{2150E333-8FDC-42A3-9474-1A3956D46DE8}") = "Cargo", "Cargo", "{33BF1905-C851-4484-BAA6-574DA72838AA}"
EndProject
Project("{FAE04EC0-301F-11D3-BF4B-00C04F79EFBC}") = "MultiShop.Cargo.BusinessLayer", "Services\Cargo\MultiShop.Cargo.BusinessLayer\MultiShop.Cargo.BusinessLayer.csproj", "{DFC7B1A5-322F-4F2E-834A-CCECA4E8397B}"
EndProject
Project("{FAE04EC0-301F-11D3-BF4B-00C04F79EFBC}") = "MultiShop.Cargo.DataAccessLayer", "Services\Cargo\MultiShop.Cargo.DataAccessLayer\MultiShop.Cargo.DataAccessLayer.csproj", "{6EE3DFB8-0EEA-4E8B-AFF8-ACCD4794FEFE}"
EndProject
Project("{FAE04EC0-301F-11D3-BF4B-00C04F79EFBC}") = "MultiShop.Cargo.DtoLayer", "Services\Cargo\MultiShop.Cargo.DtoLayer\MultiShop.Cargo.DtoLayer.csproj", "{A6A10354-B480-4F41-9ACB-93E993E51075}"
EndProject
Project("{FAE04EC0-301F-11D3-BF4B-00C04F79EFBC}") = "MultiShop.Cargo.EntityLayer", "Services\Cargo\MultiShop.Cargo.EntityLayer\MultiShop.Cargo.EntityLayer.csproj", "{BF0DD00B-AD7C-4A40-9B73-DE1A084E6E1D}"
EndProject
Project("{FAE04EC0-301F-11D3-BF4B-00C04F79EFBC}") = "MultiShop.Cargo.WebApi", "Services\Cargo\MultiShop.Cargo.WebApi\MultiShop.Cargo.WebApi.csproj", "{B536277A-2AB3-41E3-917F-D97E16A16928}"
EndProject
Project("{2150E333-8FDC-42A3-9474-1A3956D46DE8}") = "Basket", "Basket", "{A7B43EB0-B2CD-4B9C-8BD5-1C6A83C66AD9}"
EndProject
Project("{FAE04EC0-301F-11D3-BF4B-00C04F79EFBC}") = "MultiShop.Basket", "Services\Basket\MultiShop.Basket\MultiShop.Basket.csproj", "{969970FF-127D-4F9C-9323-B55D43FC0262}"
EndProject
Project("{2150E333-8FDC-42A3-9474-1A3956D46DE8}") = "Frontends", "Frontends", "{AD37FBBE-A2AB-4E97-8298-002E78645E9D}"
EndProject
Project("{FAE04EC0-301F-11D3-BF4B-00C04F79EFBC}") = "MultiShop.WebUI", "Frontends\MultiShop.WebUI\MultiShop.WebUI.csproj", "{0C7079C4-A35D-45FD-B5DF-06ADC0FFD160}"
EndProject
Project("{FAE04EC0-301F-11D3-BF4B-00C04F79EFBC}") = "MultiShop.DtoLayer", "Frontends\MultiShop.DtoLayer\MultiShop.DtoLayer.csproj", "{CC6FE6C4-A4E4-4084-A4DF-BE8D725BE3E0}"
EndProject
Global
	GlobalSection(SolutionConfigurationPlatforms) = preSolution
		Debug|Any CPU = Debug|Any CPU
		Debug|x64 = Debug|x64
		Debug|x86 = Debug|x86
		Release|Any CPU = Release|Any CPU
		Release|x64 = Release|x64
		Release|x86 = Release|x86
	EndGlobalSection
	GlobalSection(ProjectConfigurationPlatforms) = postSolution
		{76BE2643-C2DA-44D0-9758-33D2FEF0A13E}.Debug|Any CPU.ActiveCfg = Debug|Any CPU
		{76BE2643-C2DA-44D0-9758-33D2FEF0A13E}.Debug|Any CPU.Build.0 = Debug|Any CPU
		{76BE2643-C2DA-44D0-9758-33D2FEF0A13E}.Debug|x64.ActiveCfg = Debug|Any CPU
		{76BE2643-C2DA-44D0-9758-33D2FEF0A13E}.Debug|x64.Build.0 = Debug|Any CPU
		{76BE2643-C2DA-44D0-9758-33D2FEF0A13E}.Debug|x86.ActiveCfg = Debug|Any CPU
		{76BE2643-C2DA-44D0-9758-33D2FEF0A13E}.Debug|x86.Build.0 = Debug|Any CPU
		{76BE2643-C2DA-44D0-9758-33D2FEF0A13E}.Release|Any CPU.ActiveCfg = Release|Any CPU
		{76BE2643-C2DA-44D0-9758-33D2FEF0A13E}.Release|Any CPU.Build.0 = Release|Any CPU
		{76BE2643-C2DA-44D0-9758-33D2FEF0A13E}.Release|x64.ActiveCfg = Release|Any CPU
		{76BE2643-C2DA-44D0-9758-33D2FEF0A13E}.Release|x64.Build.0 = Release|Any CPU
		{76BE2643-C2DA-44D0-9758-33D2FEF0A13E}.Release|x86.ActiveCfg = Release|Any CPU
		{76BE2643-C2DA-44D0-9758-33D2FEF0A13E}.Release|x86.Build.0 = Release|Any CPU
		{A2878C22-4389-4483-8AEA-BB61A94050FD}.Debug|Any CPU.ActiveCfg = Debug|Any CPU
		{A2878C22-4389-4483-8AEA-BB61A94050FD}.Debug|Any CPU.Build.0 = Debug|Any CPU
		{A2878C22-4389-4483-8AEA-BB61A94050FD}.Debug|x64.ActiveCfg = Debug|Any CPU
		{A2878C22-4389-4483-8AEA-BB61A94050FD}.Debug|x64.Build.0 = Debug|Any CPU
		{A2878C22-4389-4483-8AEA-BB61A94050FD}.Debug|x86.ActiveCfg = Debug|Any CPU
		{A2878C22-4389-4483-8AEA-BB61A94050FD}.Debug|x86.Build.0 = Debug|Any CPU
		{A2878C22-4389-4483-8AEA-BB61A94050FD}.Release|Any CPU.ActiveCfg = Release|Any CPU
		{A2878C22-4389-4483-8AEA-BB61A94050FD}.Release|Any CPU.Build.0 = Release|Any CPU
		{A2878C22-4389-4483-8AEA-BB61A94050FD}.Release|x64.ActiveCfg = Release|Any CPU
		{A2878C22-4389-4483-8AEA-BB61A94050FD}.Release|x64.Build.0 = Release|Any CPU
		{A2878C22-4389-4483-8AEA-BB61A94050FD}.Release|x86.ActiveCfg = Release|Any CPU
		{A2878C22-4389-4483-8AEA-BB61A94050FD}.Release|x86.Build.0 = Release|Any CPU
		{C6DA9087-F48B-4828-9C02-44077A605517}.Debug|Any CPU.ActiveCfg = Debug|Any CPU
		{C6DA9087-F48B-4828-9C02-44077A605517}.Debug|Any CPU.Build.0 = Debug|Any CPU
		{C6DA9087-F48B-4828-9C02-44077A605517}.Debug|x64.ActiveCfg = Debug|Any CPU
		{C6DA9087-F48B-4828-9C02-44077A605517}.Debug|x64.Build.0 = Debug|Any CPU
		{C6DA9087-F48B-4828-9C02-44077A605517}.Debug|x86.ActiveCfg = Debug|Any CPU
		{C6DA9087-F48B-4828-9C02-44077A605517}.Debug|x86.Build.0 = Debug|Any CPU
		{C6DA9087-F48B-4828-9C02-44077A605517}.Release|Any CPU.ActiveCfg = Release|Any CPU
		{C6DA9087-F48B-4828-9C02-44077A605517}.Release|Any CPU.Build.0 = Release|Any CPU
		{C6DA9087-F48B-4828-9C02-44077A605517}.Release|x64.ActiveCfg = Release|Any CPU
		{C6DA9087-F48B-4828-9C02-44077A605517}.Release|x64.Build.0 = Release|Any CPU
		{C6DA9087-F48B-4828-9C02-44077A605517}.Release|x86.ActiveCfg = Release|Any CPU
		{C6DA9087-F48B-4828-9C02-44077A605517}.Release|x86.Build.0 = Release|Any CPU
		{7D902C5D-DD1B-44DF-A8F8-2B7AE93D7274}.Debug|Any CPU.ActiveCfg = Debug|Any CPU
		{7D902C5D-DD1B-44DF-A8F8-2B7AE93D7274}.Debug|Any CPU.Build.0 = Debug|Any CPU
		{7D902C5D-DD1B-44DF-A8F8-2B7AE93D7274}.Debug|x64.ActiveCfg = Debug|Any CPU
		{7D902C5D-DD1B-44DF-A8F8-2B7AE93D7274}.Debug|x64.Build.0 = Debug|Any CPU
		{7D902C5D-DD1B-44DF-A8F8-2B7AE93D7274}.Debug|x86.ActiveCfg = Debug|Any CPU
		{7D902C5D-DD1B-44DF-A8F8-2B7AE93D7274}.Debug|x86.Build.0 = Debug|Any CPU
		{7D902C5D-DD1B-44DF-A8F8-2B7AE93D7274}.Release|Any CPU.ActiveCfg = Release|Any CPU
		{7D902C5D-DD1B-44DF-A8F8-2B7AE93D7274}.Release|Any CPU.Build.0 = Release|Any CPU
		{7D902C5D-DD1B-44DF-A8F8-2B7AE93D7274}.Release|x64.ActiveCfg = Release|Any CPU
		{7D902C5D-DD1B-44DF-A8F8-2B7AE93D7274}.Release|x64.Build.0 = Release|Any CPU
		{7D902C5D-DD1B-44DF-A8F8-2B7AE93D7274}.Release|x86.ActiveCfg = Release|Any CPU
		{7D902C5D-DD1B-44DF-A8F8-2B7AE93D7274}.Release|x86.Build.0 = Release|Any CPU
		{6D5EB324-25D2-4FD3-B7D2-47D264959C30}.Debug|Any CPU.ActiveCfg = Debug|Any CPU
		{6D5EB324-25D2-4FD3-B7D2-47D264959C30}.Debug|Any CPU.Build.0 = Debug|Any CPU
		{6D5EB324-25D2-4FD3-B7D2-47D264959C30}.Debug|x64.ActiveCfg = Debug|Any CPU
		{6D5EB324-25D2-4FD3-B7D2-47D264959C30}.Debug|x64.Build.0 = Debug|Any CPU
		{6D5EB324-25D2-4FD3-B7D2-47D264959C30}.Debug|x86.ActiveCfg = Debug|Any CPU
		{6D5EB324-25D2-4FD3-B7D2-47D264959C30}.Debug|x86.Build.0 = Debug|Any CPU
		{6D5EB324-25D2-4FD3-B7D2-47D264959C30}.Release|Any CPU.ActiveCfg = Release|Any CPU
		{6D5EB324-25D2-4FD3-B7D2-47D264959C30}.Release|Any CPU.Build.0 = Release|Any CPU
		{6D5EB324-25D2-4FD3-B7D2-47D264959C30}.Release|x64.ActiveCfg = Release|Any CPU
		{6D5EB324-25D2-4FD3-B7D2-47D264959C30}.Release|x64.Build.0 = Release|Any CPU
		{6D5EB324-25D2-4FD3-B7D2-47D264959C30}.Release|x86.ActiveCfg = Release|Any CPU
		{6D5EB324-25D2-4FD3-B7D2-47D264959C30}.Release|x86.Build.0 = Release|Any CPU
		{3C144048-462E-4BF4-AA30-C3B621E9D9E8}.Debug|Any CPU.ActiveCfg = Debug|Any CPU
		{3C144048-462E-4BF4-AA30-C3B621E9D9E8}.Debug|Any CPU.Build.0 = Debug|Any CPU
		{3C144048-462E-4BF4-AA30-C3B621E9D9E8}.Debug|x64.ActiveCfg = Debug|Any CPU
		{3C144048-462E-4BF4-AA30-C3B621E9D9E8}.Debug|x64.Build.0 = Debug|Any CPU
		{3C144048-462E-4BF4-AA30-C3B621E9D9E8}.Debug|x86.ActiveCfg = Debug|Any CPU
		{3C144048-462E-4BF4-AA30-C3B621E9D9E8}.Debug|x86.Build.0 = Debug|Any CPU
		{3C144048-462E-4BF4-AA30-C3B621E9D9E8}.Release|Any CPU.ActiveCfg = Release|Any CPU
		{3C144048-462E-4BF4-AA30-C3B621E9D9E8}.Release|Any CPU.Build.0 = Release|Any CPU
		{3C144048-462E-4BF4-AA30-C3B621E9D9E8}.Release|x64.ActiveCfg = Release|Any CPU
		{3C144048-462E-4BF4-AA30-C3B621E9D9E8}.Release|x64.Build.0 = Release|Any CPU
		{3C144048-462E-4BF4-AA30-C3B621E9D9E8}.Release|x86.ActiveCfg = Release|Any CPU
		{3C144048-462E-4BF4-AA30-C3B621E9D9E8}.Release|x86.Build.0 = Release|Any CPU
		{95F89578-7209-4BF1-97FC-674F6C99B66D}.Debug|Any CPU.ActiveCfg = Debug|Any CPU
		{95F89578-7209-4BF1-97FC-674F6C99B66D}.Debug|Any CPU.Build.0 = Debug|Any CPU
		{95F89578-7209-4BF1-97FC-674F6C99B66D}.Debug|x64.ActiveCfg = Debug|Any CPU
		{95F89578-7209-4BF1-97FC-674F6C99B66D}.Debug|x64.Build.0 = Debug|Any CPU
		{95F89578-7209-4BF1-97FC-674F6C99B66D}.Debug|x86.ActiveCfg = Debug|Any CPU
		{95F89578-7209-4BF1-97FC-674F6C99B66D}.Debug|x86.Build.0 = Debug|Any CPU
		{95F89578-7209-4BF1-97FC-674F6C99B66D}.Release|Any CPU.ActiveCfg = Release|Any CPU
		{95F89578-7209-4BF1-97FC-674F6C99B66D}.Release|Any CPU.Build.0 = Release|Any CPU
		{95F89578-7209-4BF1-97FC-674F6C99B66D}.Release|x64.ActiveCfg = Release|Any CPU
		{95F89578-7209-4BF1-97FC-674F6C99B66D}.Release|x64.Build.0 = Release|Any CPU
		{95F89578-7209-4BF1-97FC-674F6C99B66D}.Release|x86.ActiveCfg = Release|Any CPU
		{95F89578-7209-4BF1-97FC-674F6C99B66D}.Release|x86.Build.0 = Release|Any CPU
		{DFC7B1A5-322F-4F2E-834A-CCECA4E8397B}.Debug|Any CPU.ActiveCfg = Debug|Any CPU
		{DFC7B1A5-322F-4F2E-834A-CCECA4E8397B}.Debug|Any CPU.Build.0 = Debug|Any CPU
		{DFC7B1A5-322F-4F2E-834A-CCECA4E8397B}.Debug|x64.ActiveCfg = Debug|Any CPU
		{DFC7B1A5-322F-4F2E-834A-CCECA4E8397B}.Debug|x64.Build.0 = Debug|Any CPU
		{DFC7B1A5-322F-4F2E-834A-CCECA4E8397B}.Debug|x86.ActiveCfg = Debug|Any CPU
		{DFC7B1A5-322F-4F2E-834A-CCECA4E8397B}.Debug|x86.Build.0 = Debug|Any CPU
		{DFC7B1A5-322F-4F2E-834A-CCECA4E8397B}.Release|Any CPU.ActiveCfg = Release|Any CPU
		{DFC7B1A5-322F-4F2E-834A-CCECA4E8397B}.Release|Any CPU.Build.0 = Release|Any CPU
		{DFC7B1A5-322F-4F2E-834A-CCECA4E8397B}.Release|x64.ActiveCfg = Release|Any CPU
		{DFC7B1A5-322F-4F2E-834A-CCECA4E8397B}.Release|x64.Build.0 = Release|Any CPU
		{DFC7B1A5-322F-4F2E-834A-CCECA4E8397B}.Release|x86.ActiveCfg = Release|Any CPU
		{DFC7B1A5-322F-4F2E-834A-CCECA4E8397B}.Release|x86.Build.0 = Release|Any CPU
		{6EE3DFB8-0EEA-4E8B-AFF8-ACCD4794FEFE}.Debug|Any CPU.ActiveCfg = Debug|Any CPU
		{6EE3DFB8-0EEA-4E8B-AFF8-ACCD4794FEFE}.Debug|Any CPU.Build.0 = Debug|Any CPU
		{6EE3DFB8-0EEA-4E8B-AFF8-ACCD4794FEFE}.Debug|x64.ActiveCfg = Debug|Any CPU
		{6EE3DFB8-0EEA-4E8B-AFF8-ACCD4794FEFE}.Debug|x64.Build.0 = Debug|Any CPU
		{6EE3DFB8-0EEA-4E8B-AFF8-ACCD4794FEFE}.Debug|x86.ActiveCfg = Debug|Any CPU
		{6EE3DFB8-0EEA-4E8B-AFF8-ACCD4794FEFE}.Debug|x86.Build.0 = Debug|Any CPU
		{6EE3DFB8-0EEA-4E8B-AFF8-ACCD4794FEFE}.Release|Any CPU.ActiveCfg = Release|Any CPU
		{6EE3DFB8-0EEA-4E8B-AFF8-ACCD4794FEFE}.Release|Any CPU.Build.0 = Release|Any CPU
		{6EE3DFB8-0EEA-4E8B-AFF8-ACCD4794FEFE}.Release|x64.ActiveCfg = Release|Any CPU
		{6EE3DFB8-0EEA-4E8B-AFF8-ACCD4794FEFE}.Release|x64.Build.0 = Release|Any CPU
		{6EE3DFB8-0EEA-4E8B-AFF8-ACCD4794FEFE}.Release|x86.ActiveCfg = Release|Any CPU
		{6EE3DFB8-0EEA-4E8B-AFF8-ACCD4794FEFE}.Release|x86.Build.0 = Release|Any CPU
		{A6A10354-B480-4F41-9ACB-93E993E51075}.Debug|Any CPU.ActiveCfg = Debug|Any CPU
		{A6A10354-B480-4F41-9ACB-93E993E51075}.Debug|Any CPU.Build.0 = Debug|Any CPU
		{A6A10354-B480-4F41-9ACB-93E993E51075}.Debug|x64.ActiveCfg = Debug|Any CPU
		{A6A10354-B480-4F41-9ACB-93E993E51075}.Debug|x64.Build.0 = Debug|Any CPU
		{A6A10354-B480-4F41-9ACB-93E993E51075}.Debug|x86.ActiveCfg = Debug|Any CPU
		{A6A10354-B480-4F41-9ACB-93E993E51075}.Debug|x86.Build.0 = Debug|Any CPU
		{A6A10354-B480-4F41-9ACB-93E993E51075}.Release|Any CPU.ActiveCfg = Release|Any CPU
		{A6A10354-B480-4F41-9ACB-93E993E51075}.Release|Any CPU.Build.0 = Release|Any CPU
		{A6A10354-B480-4F41-9ACB-93E993E51075}.Release|x64.ActiveCfg = Release|Any CPU
		{A6A10354-B480-4F41-9ACB-93E993E51075}.Release|x64.Build.0 = Release|Any CPU
		{A6A10354-B480-4F41-9ACB-93E993E51075}.Release|x86.ActiveCfg = Release|Any CPU
		{A6A10354-B480-4F41-9ACB-93E993E51075}.Release|x86.Build.0 = Release|Any CPU
		{BF0DD00B-AD7C-4A40-9B73-DE1A084E6E1D}.Debug|Any CPU.ActiveCfg = Debug|Any CPU
		{BF0DD00B-AD7C-4A40-9B73-DE1A084E6E1D}.Debug|Any CPU.Build.0 = Debug|Any CPU
		{BF0DD00B-AD7C-4A40-9B73-DE1A084E6E1D}.Debug|x64.ActiveCfg = Debug|Any CPU
		{BF0DD00B-AD7C-4A40-9B73-DE1A084E6E1D}.Debug|x64.Build.0 = Debug|Any CPU
		{BF0DD00B-AD7C-4A40-9B73-DE1A084E6E1D}.Debug|x86.ActiveCfg = Debug|Any CPU
		{BF0DD00B-AD7C-4A40-9B73-DE1A084E6E1D}.Debug|x86.Build.0 = Debug|Any CPU
		{BF0DD00B-AD7C-4A40-9B73-DE1A084E6E1D}.Release|Any CPU.ActiveCfg = Release|Any CPU
		{BF0DD00B-AD7C-4A40-9B73-DE1A084E6E1D}.Release|Any CPU.Build.0 = Release|Any CPU
		{BF0DD00B-AD7C-4A40-9B73-DE1A084E6E1D}.Release|x64.ActiveCfg = Release|Any CPU
		{BF0DD00B-AD7C-4A40-9B73-DE1A084E6E1D}.Release|x64.Build.0 = Release|Any CPU
		{BF0DD00B-AD7C-4A40-9B73-DE1A084E6E1D}.Release|x86.ActiveCfg = Release|Any CPU
		{BF0DD00B-AD7C-4A40-9B73-DE1A084E6E1D}.Release|x86.Build.0 = Release|Any CPU
		{B536277A-2AB3-41E3-917F-D97E16A16928}.Debug|Any CPU.ActiveCfg = Debug|Any CPU
		{B536277A-2AB3-41E3-917F-D97E16A16928}.Debug|Any CPU.Build.0 = Debug|Any CPU
		{B536277A-2AB3-41E3-917F-D97E16A16928}.Debug|x64.ActiveCfg = Debug|Any CPU
		{B536277A-2AB3-41E3-917F-D97E16A16928}.Debug|x64.Build.0 = Debug|Any CPU
		{B536277A-2AB3-41E3-917F-D97E16A16928}.Debug|x86.ActiveCfg = Debug|Any CPU
		{B536277A-2AB3-41E3-917F-D97E16A16928}.Debug|x86.Build.0 = Debug|Any CPU
		{B536277A-2AB3-41E3-917F-D97E16A16928}.Release|Any CPU.ActiveCfg = Release|Any CPU
		{B536277A-2AB3-41E3-917F-D97E16A16928}.Release|Any CPU.Build.0 = Release|Any CPU
		{B536277A-2AB3-41E3-917F-D97E16A16928}.Release|x64.ActiveCfg = Release|Any CPU
		{B536277A-2AB3-41E3-917F-D97E16A16928}.Release|x64.Build.0 = Release|Any CPU
		{B536277A-2AB3-41E3-917F-D97E16A16928}.Release|x86.ActiveCfg = Release|Any CPU
		{B536277A-2AB3-41E3-917F-D97E16A16928}.Release|x86.Build.0 = Release|Any CPU
		{969970FF-127D-4F9C-9323-B55D43FC0262}.Debug|Any CPU.ActiveCfg = Debug|Any CPU
		{969970FF-127D-4F9C-9323-B55D43FC0262}.Debug|Any CPU.Build.0 = Debug|Any CPU
		{969970FF-127D-4F9C-9323-B55D43FC0262}.Debug|x64.ActiveCfg = Debug|Any CPU
		{969970FF-127D-4F9C-9323-B55D43FC0262}.Debug|x64.Build.0 = Debug|Any CPU
		{969970FF-127D-4F9C-9323-B55D43FC0262}.Debug|x86.ActiveCfg = Debug|Any CPU
		{969970FF-127D-4F9C-9323-B55D43FC0262}.Debug|x86.Build.0 = Debug|Any CPU
		{969970FF-127D-4F9C-9323-B55D43FC0262}.Release|Any CPU.ActiveCfg = Release|Any CPU
		{969970FF-127D-4F9C-9323-B55D43FC0262}.Release|Any CPU.Build.0 = Release|Any CPU
		{969970FF-127D-4F9C-9323-B55D43FC0262}.Release|x64.ActiveCfg = Release|Any CPU
		{969970FF-127D-4F9C-9323-B55D43FC0262}.Release|x64.Build.0 = Release|Any CPU
		{969970FF-127D-4F9C-9323-B55D43FC0262}.Release|x86.ActiveCfg = Release|Any CPU
		{969970FF-127D-4F9C-9323-B55D43FC0262}.Release|x86.Build.0 = Release|Any CPU
		{0C7079C4-A35D-45FD-B5DF-06ADC0FFD160}.Debug|Any CPU.ActiveCfg = Debug|Any CPU
		{0C7079C4-A35D-45FD-B5DF-06ADC0FFD160}.Debug|Any CPU.Build.0 = Debug|Any CPU
		{0C7079C4-A35D-45FD-B5DF-06ADC0FFD160}.Debug|x64.ActiveCfg = Debug|Any CPU
		{0C7079C4-A35D-45FD-B5DF-06ADC0FFD160}.Debug|x64.Build.0 = Debug|Any CPU
		{0C7079C4-A35D-45FD-B5DF-06ADC0FFD160}.Debug|x86.ActiveCfg = Debug|Any CPU
		{0C7079C4-A35D-45FD-B5DF-06ADC0FFD160}.Debug|x86.Build.0 = Debug|Any CPU
		{0C7079C4-A35D-45FD-B5DF-06ADC0FFD160}.Release|Any CPU.ActiveCfg = Release|Any CPU
		{0C7079C4-A35D-45FD-B5DF-06ADC0FFD160}.Release|Any CPU.Build.0 = Release|Any CPU
		{0C7079C4-A35D-45FD-B5DF-06ADC0FFD160}.Release|x64.ActiveCfg = Release|Any CPU
		{0C7079C4-A35D-45FD-B5DF-06ADC0FFD160}.Release|x64.Build.0 = Release|Any CPU
		{0C7079C4-A35D-45FD-B5DF-06ADC0FFD160}.Release|x86.ActiveCfg = Release|Any CPU
		{0C7079C4-A35D-45FD-B5DF-06ADC0FFD160}.Release|x86.Build.0 = Release|Any CPU
		{CC6FE6C4-A4E4-4084-A4DF-BE8D725BE3E0}.Debug|Any CPU.ActiveCfg = Debug|Any CPU
		{CC6FE6C4-A4E4-4084-A4DF-BE8D725BE3E0}.Debug|Any CPU.Build.0 = Debug|Any CPU
		{CC6FE6C4-A4E4-4084-A4DF-BE8D725BE3E0}.Debug|x64.ActiveCfg = Debug|Any CPU
		{CC6FE6C4-A4E4-4084-A4DF-BE8D725BE3E0}.Debug|x64.Build.0 = Debug|Any CPU
		{CC6FE6C4-A4E4-4084-A4DF-BE8D725BE3E0}.Debug|x86.ActiveCfg = Debug|Any CPU
		{CC6FE6C4-A4E4-4084-A4DF-BE8D725BE3E0}.Debug|x86.Build.0 = Debug|Any CPU
		{CC6FE6C4-A4E4-4084-A4DF-BE8D725BE3E0}.Release|Any CPU.ActiveCfg = Release|Any CPU
		{CC6FE6C4-A4E4-4084-A4DF-BE8D725BE3E0}.Release|Any CPU.Build.0 = Release|Any CPU
		{CC6FE6C4-A4E4-4084-A4DF-BE8D725BE3E0}.Release|x64.ActiveCfg = Release|Any CPU
		{CC6FE6C4-A4E4-4084-A4DF-BE8D725BE3E0}.Release|x64.Build.0 = Release|Any CPU
		{CC6FE6C4-A4E4-4084-A4DF-BE8D725BE3E0}.Release|x86.ActiveCfg = Release|Any CPU
		{CC6FE6C4-A4E4-4084-A4DF-BE8D725BE3E0}.Release|x86.Build.0 = Release|Any CPU
	EndGlobalSection
	GlobalSection(SolutionProperties) = preSolution
		HideSolutionNode = FALSE
	EndGlobalSection
	GlobalSection(NestedProjects) = preSolution
		{944ACC7E-4FFC-A2A2-09E1-98A62C66F8DB} = {5854FF58-B8C5-05C6-5BF2-ACE42193F22B}
		{76BE2643-C2DA-44D0-9758-33D2FEF0A13E} = {944ACC7E-4FFC-A2A2-09E1-98A62C66F8DB}
		{C7CAFBC0-809A-03AF-7F4A-D6ECDFC06026} = {5854FF58-B8C5-05C6-5BF2-ACE42193F22B}
		{A2878C22-4389-4483-8AEA-BB61A94050FD} = {C7CAFBC0-809A-03AF-7F4A-D6ECDFC06026}
		{A7F1EA75-F84F-EDAA-1156-120873BE27D5} = {5854FF58-B8C5-05C6-5BF2-ACE42193F22B}
		{1BADAA19-F6E7-A6CC-5468-B408B9E2CF8F} = {A7F1EA75-F84F-EDAA-1156-120873BE27D5}
		{C6DA9087-F48B-4828-9C02-44077A605517} = {1BADAA19-F6E7-A6CC-5468-B408B9E2CF8F}
		{7D902C5D-DD1B-44DF-A8F8-2B7AE93D7274} = {1BADAA19-F6E7-A6CC-5468-B408B9E2CF8F}
		{C0BDA945-C0B4-F91C-CB3A-89AA41DAAC7C} = {A7F1EA75-F84F-EDAA-1156-120873BE27D5}
		{6D5EB324-25D2-4FD3-B7D2-47D264959C30} = {C0BDA945-C0B4-F91C-CB3A-89AA41DAAC7C}
		{762439F7-8BE1-3BA0-8155-D3139BF35409} = {A7F1EA75-F84F-EDAA-1156-120873BE27D5}
		{3C144048-462E-4BF4-AA30-C3B621E9D9E8} = {762439F7-8BE1-3BA0-8155-D3139BF35409}
		{95F89578-7209-4BF1-97FC-674F6C99B66D} = {FA73AD6C-BA55-405B-BA59-495005F7445E}
		{33BF1905-C851-4484-BAA6-574DA72838AA} = {5854FF58-B8C5-05C6-5BF2-ACE42193F22B}
		{DFC7B1A5-322F-4F2E-834A-CCECA4E8397B} = {33BF1905-C851-4484-BAA6-574DA72838AA}
		{6EE3DFB8-0EEA-4E8B-AFF8-ACCD4794FEFE} = {33BF1905-C851-4484-BAA6-574DA72838AA}
		{A6A10354-B480-4F41-9ACB-93E993E51075} = {33BF1905-C851-4484-BAA6-574DA72838AA}
		{BF0DD00B-AD7C-4A40-9B73-DE1A084E6E1D} = {33BF1905-C851-4484-BAA6-574DA72838AA}
		{B536277A-2AB3-41E3-917F-D97E16A16928} = {33BF1905-C851-4484-BAA6-574DA72838AA}
		{A7B43EB0-B2CD-4B9C-8BD5-1C6A83C66AD9} = {5854FF58-B8C5-05C6-5BF2-ACE42193F22B}
		{969970FF-127D-4F9C-9323-B55D43FC0262} = {A7B43EB0-B2CD-4B9C-8BD5-1C6A83C66AD9}
		{0C7079C4-A35D-45FD-B5DF-06ADC0FFD160} = {AD37FBBE-A2AB-4E97-8298-002E78645E9D}
		{CC6FE6C4-A4E4-4084-A4DF-BE8D725BE3E0} = {AD37FBBE-A2AB-4E97-8298-002E78645E9D}
	EndGlobalSection
EndGlobal
