
Microsoft Visual Studio Solution File, Format Version 12.00
# Visual Studio Version 17
VisualStudioVersion = 17.0.31903.59
MinimumVisualStudioVersion = 10.0.40219.1
Project("{2150E333-8FDC-42A3-9474-1A3956D46DE8}") = "Services", "Services", "{5854FF58-B8C5-05C6-5BF2-ACE42193F22B}"
EndProject
Project("{2150E333-8FDC-42A3-9474-1A3956D46DE8}") = "Catalog", "Catalog", "{944ACC7E-4FFC-A2A2-09E1-98A62C66F8DB}"
EndProject
Project("{FAE04EC0-301F-11D3-BF4B-00C04F79EFBC}") = "MultiShop.Catalog", "Services\Catalog\MultiShop.Catalog\MultiShop.Catalog.csproj", "{76BE2643-C2DA-44D0-9758-33D2FEF0A13E}"
EndProject
Project("{2150E333-8FDC-42A3-9474-1A3956D46DE8}") = "Discount", "Discount", "{C7CAFBC0-809A-03AF-7F4A-D6ECDFC06026}"
EndProject
Project("{FAE04EC0-301F-11D3-BF4B-00C04F79EFBC}") = "MultiShop.Discount", "Services\Discount\MultiShop.Discount\MultiShop.Discount.csproj", "{A2878C22-4389-4483-8AEA-BB61A94050FD}"
EndProject
Project("{2150E333-8FDC-42A3-9474-1A3956D46DE8}") = "Order", "Order", "{A7F1EA75-F84F-EDAA-1156-120873BE27D5}"
EndProject
Project("{2150E333-8FDC-42A3-9474-1A3956D46DE8}") = "Core", "Core", "{1BADAA19-F6E7-A6CC-5468-B408B9E2CF8F}"
EndProject
Project("{FAE04EC0-301F-11D3-BF4B-00C04F79EFBC}") = "MultiShop.Order.Domain", "Services\Order\Core\MultiShop.Order.Domain\MultiShop.Order.Domain.csproj", "{C6DA9087-F48B-4828-9C02-44077A605517}"
EndProject
Project("{FAE04EC0-301F-11D3-BF4B-00C04F79EFBC}") = "MultiShop.Order.Application", "Services\Order\Core\MultiShop.Order.Application\MultiShop.Order.Application.csproj", "{7D902C5D-DD1B-44DF-A8F8-2B7AE93D7274}"
EndProject
Project("{2150E333-8FDC-42A3-9474-1A3956D46DE8}") = "Infrastructure", "Infrastructure", "{C0BDA945-C0B4-F91C-CB3A-89AA41DAAC7C}"
EndProject
Project("{FAE04EC0-301F-11D3-BF4B-00C04F79EFBC}") = "MultiShop.Order.Persistence", "Services\Order\Infrastructure\MultiShop.Order.Persistence\MultiShop.Order.Persistence.csproj", "{6D5EB324-25D2-4FD3-B7D2-47D264959C30}"
EndProject
Project("{2150E333-8FDC-42A3-9474-1A3956D46DE8}") = "Presentation", "Presentation", "{762439F7-8BE1-3BA0-8155-D3139BF35409}"
EndProject
Project("{FAE04EC0-301F-11D3-BF4B-00C04F79EFBC}") = "MultiShop.Order.WebApi", "Services\Order\Presentation\MultiShop.Order.WebApi\MultiShop.Order.WebApi.csproj", "{3C144048-462E-4BF4-AA30-C3B621E9D9E8}"
EndProject
Global
	GlobalSection(SolutionConfigurationPlatforms) = preSolution
		Debug|Any CPU = Debug|Any CPU
		Debug|x64 = Debug|x64
		Debug|x86 = Debug|x86
		Release|Any CPU = Release|Any CPU
		Release|x64 = Release|x64
		Release|x86 = Release|x86
	EndGlobalSection
	GlobalSection(ProjectConfigurationPlatforms) = postSolution
		{76BE2643-C2DA-44D0-9758-33D2FEF0A13E}.Debug|Any CPU.ActiveCfg = Debug|Any CPU
		{76BE2643-C2DA-44D0-9758-33D2FEF0A13E}.Debug|Any CPU.Build.0 = Debug|Any CPU
		{76BE2643-C2DA-44D0-9758-33D2FEF0A13E}.Debug|x64.ActiveCfg = Debug|Any CPU
		{76BE2643-C2DA-44D0-9758-33D2FEF0A13E}.Debug|x64.Build.0 = Debug|Any CPU
		{76BE2643-C2DA-44D0-9758-33D2FEF0A13E}.Debug|x86.ActiveCfg = Debug|Any CPU
		{76BE2643-C2DA-44D0-9758-33D2FEF0A13E}.Debug|x86.Build.0 = Debug|Any CPU
		{76BE2643-C2DA-44D0-9758-33D2FEF0A13E}.Release|Any CPU.ActiveCfg = Release|Any CPU
		{76BE2643-C2DA-44D0-9758-33D2FEF0A13E}.Release|Any CPU.Build.0 = Release|Any CPU
		{76BE2643-C2DA-44D0-9758-33D2FEF0A13E}.Release|x64.ActiveCfg = Release|Any CPU
		{76BE2643-C2DA-44D0-9758-33D2FEF0A13E}.Release|x64.Build.0 = Release|Any CPU
		{76BE2643-C2DA-44D0-9758-33D2FEF0A13E}.Release|x86.ActiveCfg = Release|Any CPU
		{76BE2643-C2DA-44D0-9758-33D2FEF0A13E}.Release|x86.Build.0 = Release|Any CPU
		{A2878C22-4389-4483-8AEA-BB61A94050FD}.Debug|Any CPU.ActiveCfg = Debug|Any CPU
		{A2878C22-4389-4483-8AEA-BB61A94050FD}.Debug|Any CPU.Build.0 = Debug|Any CPU
		{A2878C22-4389-4483-8AEA-BB61A94050FD}.Debug|x64.ActiveCfg = Debug|Any CPU
		{A2878C22-4389-4483-8AEA-BB61A94050FD}.Debug|x64.Build.0 = Debug|Any CPU
		{A2878C22-4389-4483-8AEA-BB61A94050FD}.Debug|x86.ActiveCfg = Debug|Any CPU
		{A2878C22-4389-4483-8AEA-BB61A94050FD}.Debug|x86.Build.0 = Debug|Any CPU
		{A2878C22-4389-4483-8AEA-BB61A94050FD}.Release|Any CPU.ActiveCfg = Release|Any CPU
		{A2878C22-4389-4483-8AEA-BB61A94050FD}.Release|Any CPU.Build.0 = Release|Any CPU
		{A2878C22-4389-4483-8AEA-BB61A94050FD}.Release|x64.ActiveCfg = Release|Any CPU
		{A2878C22-4389-4483-8AEA-BB61A94050FD}.Release|x64.Build.0 = Release|Any CPU
		{A2878C22-4389-4483-8AEA-BB61A94050FD}.Release|x86.ActiveCfg = Release|Any CPU
		{A2878C22-4389-4483-8AEA-BB61A94050FD}.Release|x86.Build.0 = Release|Any CPU
		{C6DA9087-F48B-4828-9C02-44077A605517}.Debug|Any CPU.ActiveCfg = Debug|Any CPU
		{C6DA9087-F48B-4828-9C02-44077A605517}.Debug|Any CPU.Build.0 = Debug|Any CPU
		{C6DA9087-F48B-4828-9C02-44077A605517}.Debug|x64.ActiveCfg = Debug|Any CPU
		{C6DA9087-F48B-4828-9C02-44077A605517}.Debug|x64.Build.0 = Debug|Any CPU
		{C6DA9087-F48B-4828-9C02-44077A605517}.Debug|x86.ActiveCfg = Debug|Any CPU
		{C6DA9087-F48B-4828-9C02-44077A605517}.Debug|x86.Build.0 = Debug|Any CPU
		{C6DA9087-F48B-4828-9C02-44077A605517}.Release|Any CPU.ActiveCfg = Release|Any CPU
		{C6DA9087-F48B-4828-9C02-44077A605517}.Release|Any CPU.Build.0 = Release|Any CPU
		{C6DA9087-F48B-4828-9C02-44077A605517}.Release|x64.ActiveCfg = Release|Any CPU
		{C6DA9087-F48B-4828-9C02-44077A605517}.Release|x64.Build.0 = Release|Any CPU
		{C6DA9087-F48B-4828-9C02-44077A605517}.Release|x86.ActiveCfg = Release|Any CPU
		{C6DA9087-F48B-4828-9C02-44077A605517}.Release|x86.Build.0 = Release|Any CPU
		{7D902C5D-DD1B-44DF-A8F8-2B7AE93D7274}.Debug|Any CPU.ActiveCfg = Debug|Any CPU
		{7D902C5D-DD1B-44DF-A8F8-2B7AE93D7274}.Debug|Any CPU.Build.0 = Debug|Any CPU
		{7D902C5D-DD1B-44DF-A8F8-2B7AE93D7274}.Debug|x64.ActiveCfg = Debug|Any CPU
		{7D902C5D-DD1B-44DF-A8F8-2B7AE93D7274}.Debug|x64.Build.0 = Debug|Any CPU
		{7D902C5D-DD1B-44DF-A8F8-2B7AE93D7274}.Debug|x86.ActiveCfg = Debug|Any CPU
		{7D902C5D-DD1B-44DF-A8F8-2B7AE93D7274}.Debug|x86.Build.0 = Debug|Any CPU
		{7D902C5D-DD1B-44DF-A8F8-2B7AE93D7274}.Release|Any CPU.ActiveCfg = Release|Any CPU
		{7D902C5D-DD1B-44DF-A8F8-2B7AE93D7274}.Release|Any CPU.Build.0 = Release|Any CPU
		{7D902C5D-DD1B-44DF-A8F8-2B7AE93D7274}.Release|x64.ActiveCfg = Release|Any CPU
		{7D902C5D-DD1B-44DF-A8F8-2B7AE93D7274}.Release|x64.Build.0 = Release|Any CPU
		{7D902C5D-DD1B-44DF-A8F8-2B7AE93D7274}.Release|x86.ActiveCfg = Release|Any CPU
		{7D902C5D-DD1B-44DF-A8F8-2B7AE93D7274}.Release|x86.Build.0 = Release|Any CPU
		{6D5EB324-25D2-4FD3-B7D2-47D264959C30}.Debug|Any CPU.ActiveCfg = Debug|Any CPU
		{6D5EB324-25D2-4FD3-B7D2-47D264959C30}.Debug|Any CPU.Build.0 = Debug|Any CPU
		{6D5EB324-25D2-4FD3-B7D2-47D264959C30}.Debug|x64.ActiveCfg = Debug|Any CPU
		{6D5EB324-25D2-4FD3-B7D2-47D264959C30}.Debug|x64.Build.0 = Debug|Any CPU
		{6D5EB324-25D2-4FD3-B7D2-47D264959C30}.Debug|x86.ActiveCfg = Debug|Any CPU
		{6D5EB324-25D2-4FD3-B7D2-47D264959C30}.Debug|x86.Build.0 = Debug|Any CPU
		{6D5EB324-25D2-4FD3-B7D2-47D264959C30}.Release|Any CPU.ActiveCfg = Release|Any CPU
		{6D5EB324-25D2-4FD3-B7D2-47D264959C30}.Release|Any CPU.Build.0 = Release|Any CPU
		{6D5EB324-25D2-4FD3-B7D2-47D264959C30}.Release|x64.ActiveCfg = Release|Any CPU
		{6D5EB324-25D2-4FD3-B7D2-47D264959C30}.Release|x64.Build.0 = Release|Any CPU
		{6D5EB324-25D2-4FD3-B7D2-47D264959C30}.Release|x86.ActiveCfg = Release|Any CPU
		{6D5EB324-25D2-4FD3-B7D2-47D264959C30}.Release|x86.Build.0 = Release|Any CPU
		{3C144048-462E-4BF4-AA30-C3B621E9D9E8}.Debug|Any CPU.ActiveCfg = Debug|Any CPU
		{3C144048-462E-4BF4-AA30-C3B621E9D9E8}.Debug|Any CPU.Build.0 = Debug|Any CPU
		{3C144048-462E-4BF4-AA30-C3B621E9D9E8}.Debug|x64.ActiveCfg = Debug|Any CPU
		{3C144048-462E-4BF4-AA30-C3B621E9D9E8}.Debug|x64.Build.0 = Debug|Any CPU
		{3C144048-462E-4BF4-AA30-C3B621E9D9E8}.Debug|x86.ActiveCfg = Debug|Any CPU
		{3C144048-462E-4BF4-AA30-C3B621E9D9E8}.Debug|x86.Build.0 = Debug|Any CPU
		{3C144048-462E-4BF4-AA30-C3B621E9D9E8}.Release|Any CPU.ActiveCfg = Release|Any CPU
		{3C144048-462E-4BF4-AA30-C3B621E9D9E8}.Release|Any CPU.Build.0 = Release|Any CPU
		{3C144048-462E-4BF4-AA30-C3B621E9D9E8}.Release|x64.ActiveCfg = Release|Any CPU
		{3C144048-462E-4BF4-AA30-C3B621E9D9E8}.Release|x64.Build.0 = Release|Any CPU
		{3C144048-462E-4BF4-AA30-C3B621E9D9E8}.Release|x86.ActiveCfg = Release|Any CPU
		{3C144048-462E-4BF4-AA30-C3B621E9D9E8}.Release|x86.Build.0 = Release|Any CPU
	EndGlobalSection
	GlobalSection(SolutionProperties) = preSolution
		HideSolutionNode = FALSE
	EndGlobalSection
	GlobalSection(NestedProjects) = preSolution
		{944ACC7E-4FFC-A2A2-09E1-98A62C66F8DB} = {5854FF58-B8C5-05C6-5BF2-ACE42193F22B}
		{76BE2643-C2DA-44D0-9758-33D2FEF0A13E} = {944ACC7E-4FFC-A2A2-09E1-98A62C66F8DB}
		{C7CAFBC0-809A-03AF-7F4A-D6ECDFC06026} = {5854FF58-B8C5-05C6-5BF2-ACE42193F22B}
		{A2878C22-4389-4483-8AEA-BB61A94050FD} = {C7CAFBC0-809A-03AF-7F4A-D6ECDFC06026}
		{A7F1EA75-F84F-EDAA-1156-120873BE27D5} = {5854FF58-B8C5-05C6-5BF2-ACE42193F22B}
		{1BADAA19-F6E7-A6CC-5468-B408B9E2CF8F} = {A7F1EA75-F84F-EDAA-1156-120873BE27D5}
		{C6DA9087-F48B-4828-9C02-44077A605517} = {1BADAA19-F6E7-A6CC-5468-B408B9E2CF8F}
		{7D902C5D-DD1B-44DF-A8F8-2B7AE93D7274} = {1BADAA19-F6E7-A6CC-5468-B408B9E2CF8F}
		{C0BDA945-C0B4-F91C-CB3A-89AA41DAAC7C} = {A7F1EA75-F84F-EDAA-1156-120873BE27D5}
		{6D5EB324-25D2-4FD3-B7D2-47D264959C30} = {C0BDA945-C0B4-F91C-CB3A-89AA41DAAC7C}
		{762439F7-8BE1-3BA0-8155-D3139BF35409} = {A7F1EA75-F84F-EDAA-1156-120873BE27D5}
		{3C144048-462E-4BF4-AA30-C3B621E9D9E8} = {762439F7-8BE1-3BA0-8155-D3139BF35409}
	EndGlobalSection
EndGlobal
